
Microsoft Visual Studio Solution File, Format Version 12.00
# Visual Studio Version 17
VisualStudioVersion = 17.2.32526.322
MinimumVisualStudioVersion = 10.0.40219.1
Project("{FAE04EC0-301F-11D3-BF4B-00C04F79EFBC}") = "Fundamentals", "Fundamentals\Fundamentals.csproj", "{ED71FD43-26A1-459C-A253-83AB369740C4}"
EndProject
Global
	GlobalSection(SolutionConfigurationPlatforms) = preSolution
		Debug|Any CPU = Debug|Any CPU
		Release|Any CPU = Release|Any CPU
	EndGlobalSection
	GlobalSection(ProjectConfigurationPlatforms) = postSolution
		{ED71FD43-26A1-459C-A253-83AB369740C4}.Debug|Any CPU.ActiveCfg = Debug|Any CPU
		{ED71FD43-26A1-459C-A253-83AB369740C4}.Debug|Any CPU.Build.0 = Debug|Any CPU
		{ED71FD43-26A1-459C-A253-83AB369740C4}.Release|Any CPU.ActiveCfg = Release|Any CPU
		{ED71FD43-26A1-459C-A253-83AB369740C4}.Release|Any CPU.Build.0 = Release|Any CPU
	EndGlobalSection
	GlobalSection(SolutionProperties) = preSolution
		HideSolutionNode = FALSE
	EndGlobalSection
	GlobalSection(ExtensibilityGlobals) = postSolution
		SolutionGuid = {DDA27428-EAEE-4C2B-977A-873EF927B9CD}
	EndGlobalSection
EndGlobal
